
Microsoft Visual Studio Solution File, Format Version 12.00
# Visual Studio Version 17
VisualStudioVersion = 17.14.36414.22
MinimumVisualStudioVersion = 10.0.40219.1
Project("{FAE04EC0-301F-11D3-BF4B-00C04F79EFBC}") = "Tyuiu.BazilevichAV.Sprint0", "Tyuiu.BazilevichAV.Sprint0.csproj", "{CFD2FF13-9899-4FF3-8813-B18F779312A4}"
EndProject
Project("{2150E333-8FDC-42A3-9474-1A3956D46DE8}") = "Task0", "Task0", "{36D591C7-65C7-A0D1-1CBC-10CDE441BDC8}"
EndProject
Project("{FAE04EC0-301F-11D3-BF4B-00C04F79EFBC}") = "Tyuiu.BazilevichAV.Sprint0.Task0.V0", "..\Tyuiu.BazilevichAV.Sprint0.Task0.V0\Tyuiu.BazilevichAV.Sprint0.Task0.V0.csproj", "{D9FA9AC8-6DF9-4A54-8B2B-DF3BDCA6F68F}"
EndProject
Project("{2150E333-8FDC-42A3-9474-1A3956D46DE8}") = "Task1", "Task1", "{2D338D48-6D52-4130-A280-0F3DE0DB7EED}"
EndProject
Project("{FAE04EC0-301F-11D3-BF4B-00C04F79EFBC}") = "Tyuiu.BazilevichAV.Sprint0.Task1.V0", "..\Tyuiu.BazilevichAV.Sprint0.Task1.V0\Tyuiu.BazilevichAV.Sprint0.Task1.V0.csproj", "{F482086E-0A5C-49BD-950E-137D56DF425E}"
EndProject
Project("{2150E333-8FDC-42A3-9474-1A3956D46DE8}") = "Task2", "Task2", "{2121B003-05EC-4508-B256-B646258300E5}"
EndProject
Project("{FAE04EC0-301F-11D3-BF4B-00C04F79EFBC}") = "Tyuiu.BazilevichAV.Sprint0.Task2.V0", "..\Tyuiu.BazilevichAV.Sprint0.Task2.V0\Tyuiu.BazilevichAV.Sprint0.Task2.V0.csproj", "{C8F31D3D-3036-4335-9A6A-894B0F32D940}"
EndProject
Project("{FAE04EC0-301F-11D3-BF4B-00C04F79EFBC}") = "Tyuiu.BazilevichAV.Sprint0.Task2.V0.Lib", "..\Tyuiu.BazilevichAV.Sprint0.Task2.V0.Lib\Tyuiu.BazilevichAV.Sprint0.Task2.V0.Lib.csproj", "{0AE83665-0AC9-4D4A-8D30-EEA4DD67B4F0}"
EndProject
Project("{FAE04EC0-301F-11D3-BF4B-00C04F79EFBC}") = "Tyuiu.BazilevichAV.Sprint0.Task2.V0.Test", "..\Tyuiu.BazilevichAV.Sprint0.Task2.V0.Test\Tyuiu.BazilevichAV.Sprint0.Task2.V0.Test.csproj", "{02EE5CF4-135F-4476-80A8-D77693EE9871}"
EndProject
Project("{2150E333-8FDC-42A3-9474-1A3956D46DE8}") = "Task3", "Task3", "{D7E0E15D-B315-4FF7-A117-D635388790AE}"
EndProject
Project("{FAE04EC0-301F-11D3-BF4B-00C04F79EFBC}") = "Tyuiu.BazilevichAV.Sprint0.Task3.V0", "..\Tyuiu.BazilevichAV.Sprint0.Task3.V0\Tyuiu.BazilevichAV.Sprint0.Task3.V0.csproj", "{EE05F8F6-D224-4E0A-9490-33DA7BBE0196}"
EndProject
Project("{FAE04EC0-301F-11D3-BF4B-00C04F79EFBC}") = "Tyuiu.BazilevichAV.Sprint0.Task3.V0.Lib", "..\Tyuiu.BazilevichAV.Sprint0.Task3.V0.Lib\Tyuiu.BazilevichAV.Sprint0.Task3.V0.Lib.csproj", "{9C7FC2EF-DAAB-44EF-8D12-062ADD8576CB}"
EndProject
Project("{FAE04EC0-301F-11D3-BF4B-00C04F79EFBC}") = "Tyuiu.BazilevichAV.Sprint0.Task3.V0.Test", "..\Tyuiu.BazilevichAV.Sprint0.Task3.V0.Test\Tyuiu.BazilevichAV.Sprint0.Task3.V0.Test.csproj", "{98685A43-CE7F-409B-97AD-69DB7EFEF7B7}"
EndProject
Project("{2150E333-8FDC-42A3-9474-1A3956D46DE8}") = "Task4", "Task4", "{B2CDE0E8-D6E9-4B89-A12C-AE82DEAA4E67}"
EndProject
Project("{FAE04EC0-301F-11D3-BF4B-00C04F79EFBC}") = "Tyuiu.BazilevichAV.Sprint0.Task4.V0.Test", "..\Tyuiu.BazilevichAV.Sprint0.Task4.V0.Test\Tyuiu.BazilevichAV.Sprint0.Task4.V0.Test.csproj", "{599CADF1-5AEE-40F5-AB15-210285A41E91}"
EndProject
Project("{FAE04EC0-301F-11D3-BF4B-00C04F79EFBC}") = "Tyuiu.BazilevichAV.Sprint0.Task4.V0", "..\Tyuiu.BazilevichAV.Sprint0.Task4.V0\Tyuiu.BazilevichAV.Sprint0.Task4.V0.csproj", "{2AE62CE9-4413-4FCE-97B0-73465A52E108}"
EndProject
Project("{FAE04EC0-301F-11D3-BF4B-00C04F79EFBC}") = "Tyuiu.BazilevichAV.Sprint0.Task4.V0.Lib", "..\Tyuiu.BazilevichAV.Sprint0.Task4.V0.Lib\Tyuiu.BazilevichAV.Sprint0.Task4.V0.Lib.csproj", "{5FD4325C-8B54-4968-A195-B172A686CBDA}"
EndProject
Project("{2150E333-8FDC-42A3-9474-1A3956D46DE8}") = "Task5", "Task5", "{8F008F0D-9460-4FBA-BD0D-D4A67385F5B2}"
EndProject
Project("{FAE04EC0-301F-11D3-BF4B-00C04F79EFBC}") = "Tyuiu.BazilevichAV.Sprint0.Task5.V0.Lib", "..\Tyuiu.BazilevichAV.Sprint0.Task5.V0.Lib\Tyuiu.BazilevichAV.Sprint0.Task5.V0.Lib.csproj", "{22D36C0A-3F0E-437E-BDF0-D0EE8F974587}"
EndProject
Project("{FAE04EC0-301F-11D3-BF4B-00C04F79EFBC}") = "Tyuiu.BazilevichAV.Sprint0.Task5.V0", "..\Tyuiu.BazilevichAV.Sprint0.Task5.V0\Tyuiu.BazilevichAV.Sprint0.Task5.V0.csproj", "{16905563-41E7-4AE5-B4BF-A8D3391D85AA}"
EndProject
Project("{FAE04EC0-301F-11D3-BF4B-00C04F79EFBC}") = "Tyuiu.BazilevichAV.Sprint0.Task5.V0.Test", "..\Tyuiu.BazilevichAV.Sprint0.Task5.V0.Test\Tyuiu.BazilevichAV.Sprint0.Task5.V0.Test.csproj", "{8C10AC0E-819E-4394-BB09-F1741B56BC82}"
EndProject
Project("{2150E333-8FDC-42A3-9474-1A3956D46DE8}") = "Task6", "Task6", "{0E3C9C67-64A0-4A95-BE8B-0D3692F7B31C}"
EndProject
Project("{FAE04EC0-301F-11D3-BF4B-00C04F79EFBC}") = "Tyuiu.BazilevichAV.Sprint0.Task6.V0.Test", "..\Tyuiu.BazilevichAV.Sprint0.Task6.V0.Test\Tyuiu.BazilevichAV.Sprint0.Task6.V0.Test.csproj", "{F4E1C349-9794-491D-BFBD-0272B4B93631}"
EndProject
Project("{FAE04EC0-301F-11D3-BF4B-00C04F79EFBC}") = "Tyuiu.BazilevichAV.Sprint0.Task6.V0", "..\Tyuiu.BazilevichAV.Sprint0.Task6.V0\Tyuiu.BazilevichAV.Sprint0.Task6.V0.csproj", "{F5D2BFC9-48A8-4E5C-91D5-66B8A8D05739}"
EndProject
Project("{FAE04EC0-301F-11D3-BF4B-00C04F79EFBC}") = "Tyuiu.BazilevichAV.Sprint0.Task6.V0.Lib", "..\Tyuiu.BazilevichAV.Sprint0.Task6.V0.Lib\Tyuiu.BazilevichAV.Sprint0.Task6.V0.Lib.csproj", "{8AF4B8F8-D6EC-41C4-A64C-41AEEC4A8FC5}"
EndProject
Project("{2150E333-8FDC-42A3-9474-1A3956D46DE8}") = "Task7", "Task7", "{D87D1DB7-0709-447D-B26C-CAC8743D1CE9}"
EndProject
Project("{FAE04EC0-301F-11D3-BF4B-00C04F79EFBC}") = "Tyuiu.BazilevichAV.Sprint0.Task7.V0.Lib", "..\Tyuiu.BazilevichAV.Sprint0.Task7.V0.Lib\Tyuiu.BazilevichAV.Sprint0.Task7.V0.Lib.csproj", "{8FF48713-6BD8-4A5E-B6F7-85C1C1F1AAF2}"
EndProject
Project("{FAE04EC0-301F-11D3-BF4B-00C04F79EFBC}") = "Tyuiu.BazilevichAV.Sprint0.Task7.V0", "..\Tyuiu.BazilevichAV.Sprint0.Task7.V0\Tyuiu.BazilevichAV.Sprint0.Task7.V0.csproj", "{90B731FF-46BF-4639-BAA3-E42FB38C0653}"
EndProject
Project("{FAE04EC0-301F-11D3-BF4B-00C04F79EFBC}") = "Tyuiu.BazilevichAV.Sprint0.Task7.V0.Test", "..\Tyuiu.BazilevichAV.Sprint0.Task7.V0.Test\Tyuiu.BazilevichAV.Sprint0.Task7.V0.Test.csproj", "{3CFAFEE7-D7ED-4C35-98A8-4F502186F659}"
EndProject
Global
	GlobalSection(SolutionConfigurationPlatforms) = preSolution
		Debug|Any CPU = Debug|Any CPU
		Release|Any CPU = Release|Any CPU
	EndGlobalSection
	GlobalSection(ProjectConfigurationPlatforms) = postSolution
		{CFD2FF13-9899-4FF3-8813-B18F779312A4}.Debug|Any CPU.ActiveCfg = Debug|Any CPU
		{CFD2FF13-9899-4FF3-8813-B18F779312A4}.Debug|Any CPU.Build.0 = Debug|Any CPU
		{CFD2FF13-9899-4FF3-8813-B18F779312A4}.Release|Any CPU.ActiveCfg = Release|Any CPU
		{CFD2FF13-9899-4FF3-8813-B18F779312A4}.Release|Any CPU.Build.0 = Release|Any CPU
		{D9FA9AC8-6DF9-4A54-8B2B-DF3BDCA6F68F}.Debug|Any CPU.ActiveCfg = Debug|Any CPU
		{D9FA9AC8-6DF9-4A54-8B2B-DF3BDCA6F68F}.Debug|Any CPU.Build.0 = Debug|Any CPU
		{D9FA9AC8-6DF9-4A54-8B2B-DF3BDCA6F68F}.Release|Any CPU.ActiveCfg = Release|Any CPU
		{D9FA9AC8-6DF9-4A54-8B2B-DF3BDCA6F68F}.Release|Any CPU.Build.0 = Release|Any CPU
		{F482086E-0A5C-49BD-950E-137D56DF425E}.Debug|Any CPU.ActiveCfg = Debug|Any CPU
		{F482086E-0A5C-49BD-950E-137D56DF425E}.Debug|Any CPU.Build.0 = Debug|Any CPU
		{F482086E-0A5C-49BD-950E-137D56DF425E}.Release|Any CPU.ActiveCfg = Release|Any CPU
		{F482086E-0A5C-49BD-950E-137D56DF425E}.Release|Any CPU.Build.0 = Release|Any CPU
		{C8F31D3D-3036-4335-9A6A-894B0F32D940}.Debug|Any CPU.ActiveCfg = Debug|Any CPU
		{C8F31D3D-3036-4335-9A6A-894B0F32D940}.Debug|Any CPU.Build.0 = Debug|Any CPU
		{C8F31D3D-3036-4335-9A6A-894B0F32D940}.Release|Any CPU.ActiveCfg = Release|Any CPU
		{C8F31D3D-3036-4335-9A6A-894B0F32D940}.Release|Any CPU.Build.0 = Release|Any CPU
		{0AE83665-0AC9-4D4A-8D30-EEA4DD67B4F0}.Debug|Any CPU.ActiveCfg = Debug|Any CPU
		{0AE83665-0AC9-4D4A-8D30-EEA4DD67B4F0}.Debug|Any CPU.Build.0 = Debug|Any CPU
		{0AE83665-0AC9-4D4A-8D30-EEA4DD67B4F0}.Release|Any CPU.ActiveCfg = Release|Any CPU
		{0AE83665-0AC9-4D4A-8D30-EEA4DD67B4F0}.Release|Any CPU.Build.0 = Release|Any CPU
		{02EE5CF4-135F-4476-80A8-D77693EE9871}.Debug|Any CPU.ActiveCfg = Debug|Any CPU
		{02EE5CF4-135F-4476-80A8-D77693EE9871}.Debug|Any CPU.Build.0 = Debug|Any CPU
		{02EE5CF4-135F-4476-80A8-D77693EE9871}.Release|Any CPU.ActiveCfg = Release|Any CPU
		{02EE5CF4-135F-4476-80A8-D77693EE9871}.Release|Any CPU.Build.0 = Release|Any CPU
		{EE05F8F6-D224-4E0A-9490-33DA7BBE0196}.Debug|Any CPU.ActiveCfg = Debug|Any CPU
		{EE05F8F6-D224-4E0A-9490-33DA7BBE0196}.Debug|Any CPU.Build.0 = Debug|Any CPU
		{EE05F8F6-D224-4E0A-9490-33DA7BBE0196}.Release|Any CPU.ActiveCfg = Release|Any CPU
		{EE05F8F6-D224-4E0A-9490-33DA7BBE0196}.Release|Any CPU.Build.0 = Release|Any CPU
		{9C7FC2EF-DAAB-44EF-8D12-062ADD8576CB}.Debug|Any CPU.ActiveCfg = Debug|Any CPU
		{9C7FC2EF-DAAB-44EF-8D12-062ADD8576CB}.Debug|Any CPU.Build.0 = Debug|Any CPU
		{9C7FC2EF-DAAB-44EF-8D12-062ADD8576CB}.Release|Any CPU.ActiveCfg = Release|Any CPU
		{9C7FC2EF-DAAB-44EF-8D12-062ADD8576CB}.Release|Any CPU.Build.0 = Release|Any CPU
		{98685A43-CE7F-409B-97AD-69DB7EFEF7B7}.Debug|Any CPU.ActiveCfg = Debug|Any CPU
		{98685A43-CE7F-409B-97AD-69DB7EFEF7B7}.Debug|Any CPU.Build.0 = Debug|Any CPU
		{98685A43-CE7F-409B-97AD-69DB7EFEF7B7}.Release|Any CPU.ActiveCfg = Release|Any CPU
		{98685A43-CE7F-409B-97AD-69DB7EFEF7B7}.Release|Any CPU.Build.0 = Release|Any CPU
		{599CADF1-5AEE-40F5-AB15-210285A41E91}.Debug|Any CPU.ActiveCfg = Debug|Any CPU
		{599CADF1-5AEE-40F5-AB15-210285A41E91}.Debug|Any CPU.Build.0 = Debug|Any CPU
		{599CADF1-5AEE-40F5-AB15-210285A41E91}.Release|Any CPU.ActiveCfg = Release|Any CPU
		{599CADF1-5AEE-40F5-AB15-210285A41E91}.Release|Any CPU.Build.0 = Release|Any CPU
		{2AE62CE9-4413-4FCE-97B0-73465A52E108}.Debug|Any CPU.ActiveCfg = Debug|Any CPU
		{2AE62CE9-4413-4FCE-97B0-73465A52E108}.Debug|Any CPU.Build.0 = Debug|Any CPU
		{2AE62CE9-4413-4FCE-97B0-73465A52E108}.Release|Any CPU.ActiveCfg = Release|Any CPU
		{2AE62CE9-4413-4FCE-97B0-73465A52E108}.Release|Any CPU.Build.0 = Release|Any CPU
		{5FD4325C-8B54-4968-A195-B172A686CBDA}.Debug|Any CPU.ActiveCfg = Debug|Any CPU
		{5FD4325C-8B54-4968-A195-B172A686CBDA}.Debug|Any CPU.Build.0 = Debug|Any CPU
		{5FD4325C-8B54-4968-A195-B172A686CBDA}.Release|Any CPU.ActiveCfg = Release|Any CPU
		{5FD4325C-8B54-4968-A195-B172A686CBDA}.Release|Any CPU.Build.0 = Release|Any CPU
		{22D36C0A-3F0E-437E-BDF0-D0EE8F974587}.Debug|Any CPU.ActiveCfg = Debug|Any CPU
		{22D36C0A-3F0E-437E-BDF0-D0EE8F974587}.Debug|Any CPU.Build.0 = Debug|Any CPU
		{22D36C0A-3F0E-437E-BDF0-D0EE8F974587}.Release|Any CPU.ActiveCfg = Release|Any CPU
		{22D36C0A-3F0E-437E-BDF0-D0EE8F974587}.Release|Any CPU.Build.0 = Release|Any CPU
		{16905563-41E7-4AE5-B4BF-A8D3391D85AA}.Debug|Any CPU.ActiveCfg = Debug|Any CPU
		{16905563-41E7-4AE5-B4BF-A8D3391D85AA}.Debug|Any CPU.Build.0 = Debug|Any CPU
		{16905563-41E7-4AE5-B4BF-A8D3391D85AA}.Release|Any CPU.ActiveCfg = Release|Any CPU
		{16905563-41E7-4AE5-B4BF-A8D3391D85AA}.Release|Any CPU.Build.0 = Release|Any CPU
		{8C10AC0E-819E-4394-BB09-F1741B56BC82}.Debug|Any CPU.ActiveCfg = Debug|Any CPU
		{8C10AC0E-819E-4394-BB09-F1741B56BC82}.Debug|Any CPU.Build.0 = Debug|Any CPU
		{8C10AC0E-819E-4394-BB09-F1741B56BC82}.Release|Any CPU.ActiveCfg = Release|Any CPU
		{8C10AC0E-819E-4394-BB09-F1741B56BC82}.Release|Any CPU.Build.0 = Release|Any CPU
		{F4E1C349-9794-491D-BFBD-0272B4B93631}.Debug|Any CPU.ActiveCfg = Debug|Any CPU
		{F4E1C349-9794-491D-BFBD-0272B4B93631}.Debug|Any CPU.Build.0 = Debug|Any CPU
		{F4E1C349-9794-491D-BFBD-0272B4B93631}.Release|Any CPU.ActiveCfg = Release|Any CPU
		{F4E1C349-9794-491D-BFBD-0272B4B93631}.Release|Any CPU.Build.0 = Release|Any CPU
		{F5D2BFC9-48A8-4E5C-91D5-66B8A8D05739}.Debug|Any CPU.ActiveCfg = Debug|Any CPU
		{F5D2BFC9-48A8-4E5C-91D5-66B8A8D05739}.Debug|Any CPU.Build.0 = Debug|Any CPU
		{F5D2BFC9-48A8-4E5C-91D5-66B8A8D05739}.Release|Any CPU.ActiveCfg = Release|Any CPU
		{F5D2BFC9-48A8-4E5C-91D5-66B8A8D05739}.Release|Any CPU.Build.0 = Release|Any CPU
		{8AF4B8F8-D6EC-41C4-A64C-41AEEC4A8FC5}.Debug|Any CPU.ActiveCfg = Debug|Any CPU
		{8AF4B8F8-D6EC-41C4-A64C-41AEEC4A8FC5}.Debug|Any CPU.Build.0 = Debug|Any CPU
		{8AF4B8F8-D6EC-41C4-A64C-41AEEC4A8FC5}.Release|Any CPU.ActiveCfg = Release|Any CPU
		{8AF4B8F8-D6EC-41C4-A64C-41AEEC4A8FC5}.Release|Any CPU.Build.0 = Release|Any CPU
		{8FF48713-6BD8-4A5E-B6F7-85C1C1F1AAF2}.Debug|Any CPU.ActiveCfg = Debug|Any CPU
		{8FF48713-6BD8-4A5E-B6F7-85C1C1F1AAF2}.Debug|Any CPU.Build.0 = Debug|Any CPU
		{8FF48713-6BD8-4A5E-B6F7-85C1C1F1AAF2}.Release|Any CPU.ActiveCfg = Release|Any CPU
		{8FF48713-6BD8-4A5E-B6F7-85C1C1F1AAF2}.Release|Any CPU.Build.0 = Release|Any CPU
		{90B731FF-46BF-4639-BAA3-E42FB38C0653}.Debug|Any CPU.ActiveCfg = Debug|Any CPU
		{90B731FF-46BF-4639-BAA3-E42FB38C0653}.Debug|Any CPU.Build.0 = Debug|Any CPU
		{90B731FF-46BF-4639-BAA3-E42FB38C0653}.Release|Any CPU.ActiveCfg = Release|Any CPU
		{90B731FF-46BF-4639-BAA3-E42FB38C0653}.Release|Any CPU.Build.0 = Release|Any CPU
		{3CFAFEE7-D7ED-4C35-98A8-4F502186F659}.Debug|Any CPU.ActiveCfg = Debug|Any CPU
		{3CFAFEE7-D7ED-4C35-98A8-4F502186F659}.Debug|Any CPU.Build.0 = Debug|Any CPU
		{3CFAFEE7-D7ED-4C35-98A8-4F502186F659}.Release|Any CPU.ActiveCfg = Release|Any CPU
		{3CFAFEE7-D7ED-4C35-98A8-4F502186F659}.Release|Any CPU.Build.0 = Release|Any CPU
	EndGlobalSection
	GlobalSection(SolutionProperties) = preSolution
		HideSolutionNode = FALSE
	EndGlobalSection
	GlobalSection(NestedProjects) = preSolution
		{D9FA9AC8-6DF9-4A54-8B2B-DF3BDCA6F68F} = {36D591C7-65C7-A0D1-1CBC-10CDE441BDC8}
		{F482086E-0A5C-49BD-950E-137D56DF425E} = {2D338D48-6D52-4130-A280-0F3DE0DB7EED}
		{C8F31D3D-3036-4335-9A6A-894B0F32D940} = {2121B003-05EC-4508-B256-B646258300E5}
		{0AE83665-0AC9-4D4A-8D30-EEA4DD67B4F0} = {2121B003-05EC-4508-B256-B646258300E5}
		{02EE5CF4-135F-4476-80A8-D77693EE9871} = {2121B003-05EC-4508-B256-B646258300E5}
		{EE05F8F6-D224-4E0A-9490-33DA7BBE0196} = {D7E0E15D-B315-4FF7-A117-D635388790AE}
		{9C7FC2EF-DAAB-44EF-8D12-062ADD8576CB} = {D7E0E15D-B315-4FF7-A117-D635388790AE}
		{98685A43-CE7F-409B-97AD-69DB7EFEF7B7} = {D7E0E15D-B315-4FF7-A117-D635388790AE}
		{599CADF1-5AEE-40F5-AB15-210285A41E91} = {B2CDE0E8-D6E9-4B89-A12C-AE82DEAA4E67}
		{2AE62CE9-4413-4FCE-97B0-73465A52E108} = {B2CDE0E8-D6E9-4B89-A12C-AE82DEAA4E67}
		{5FD4325C-8B54-4968-A195-B172A686CBDA} = {B2CDE0E8-D6E9-4B89-A12C-AE82DEAA4E67}
		{22D36C0A-3F0E-437E-BDF0-D0EE8F974587} = {8F008F0D-9460-4FBA-BD0D-D4A67385F5B2}
		{16905563-41E7-4AE5-B4BF-A8D3391D85AA} = {8F008F0D-9460-4FBA-BD0D-D4A67385F5B2}
		{8C10AC0E-819E-4394-BB09-F1741B56BC82} = {8F008F0D-9460-4FBA-BD0D-D4A67385F5B2}
		{F4E1C349-9794-491D-BFBD-0272B4B93631} = {0E3C9C67-64A0-4A95-BE8B-0D3692F7B31C}
		{F5D2BFC9-48A8-4E5C-91D5-66B8A8D05739} = {0E3C9C67-64A0-4A95-BE8B-0D3692F7B31C}
		{8AF4B8F8-D6EC-41C4-A64C-41AEEC4A8FC5} = {0E3C9C67-64A0-4A95-BE8B-0D3692F7B31C}
		{8FF48713-6BD8-4A5E-B6F7-85C1C1F1AAF2} = {D87D1DB7-0709-447D-B26C-CAC8743D1CE9}
		{90B731FF-46BF-4639-BAA3-E42FB38C0653} = {D87D1DB7-0709-447D-B26C-CAC8743D1CE9}
		{3CFAFEE7-D7ED-4C35-98A8-4F502186F659} = {D87D1DB7-0709-447D-B26C-CAC8743D1CE9}
	EndGlobalSection
	GlobalSection(ExtensibilityGlobals) = postSolution
		SolutionGuid = {DEFE4131-E21A-43F7-BF58-5581ABDF4E1B}
	EndGlobalSection
EndGlobal
